// !$*UTF8*$!
{
	archiveVersion = 1;
	classes = {
	};
	objectVersion = 50;
	objects = {

/* Begin PBXBuildFile section */
		6A0CB13E2209E87400AF55B4 /* AppDelegate.swift in Sources */ = {isa = PBXBuildFile; fileRef = 6A0CB13D2209E87400AF55B4 /* AppDelegate.swift */; };
		6A0CB1432209E87400AF55B4 /* Main.storyboard in Resources */ = {isa = PBXBuildFile; fileRef = 6A0CB1412209E87400AF55B4 /* Main.storyboard */; };
		6A0CB1482209E87A00AF55B4 /* Assets.xcassets in Resources */ = {isa = PBXBuildFile; fileRef = 6A0CB1472209E87A00AF55B4 /* Assets.xcassets */; };
		6A0CB14B2209E87A00AF55B4 /* LaunchScreen.storyboard in Resources */ = {isa = PBXBuildFile; fileRef = 6A0CB1492209E87A00AF55B4 /* LaunchScreen.storyboard */; };
		6AA802B0220B869700C937EF /* MapVC.swift in Sources */ = {isa = PBXBuildFile; fileRef = 6AA802AF220B869700C937EF /* MapVC.swift */; };
		6AA802B2220B86A200C937EF /* PhotoVC.swift in Sources */ = {isa = PBXBuildFile; fileRef = 6AA802B1220B86A200C937EF /* PhotoVC.swift */; };
		6AA802B4220B86CA00C937EF /* PhotoCell.swift in Sources */ = {isa = PBXBuildFile; fileRef = 6AA802B3220B86CA00C937EF /* PhotoCell.swift */; };
		6AA802BA220B874100C937EF /* Flickr.swift in Sources */ = {isa = PBXBuildFile; fileRef = 6AA802B9220B874100C937EF /* Flickr.swift */; };
		6AA80310220BA24900C937EF /* CoreDataModel.xcdatamodeld in Sources */ = {isa = PBXBuildFile; fileRef = 6AA8030E220BA24900C937EF /* CoreDataModel.xcdatamodeld */; };
		6AA80312220BA2E700C937EF /* DataController.swift in Sources */ = {isa = PBXBuildFile; fileRef = 6AA80311220BA2E700C937EF /* DataController.swift */; };
/* End PBXBuildFile section */

/* Begin PBXFileReference section */
		6A0CB13A2209E87400AF55B4 /* virtualtourist.app */ = {isa = PBXFileReference; explicitFileType = wrapper.application; includeInIndex = 0; path = virtualtourist.app; sourceTree = BUILT_PRODUCTS_DIR; };
		6A0CB13D2209E87400AF55B4 /* AppDelegate.swift */ = {isa = PBXFileReference; lastKnownFileType = sourcecode.swift; path = AppDelegate.swift; sourceTree = "<group>"; };
		6A0CB1422209E87400AF55B4 /* Base */ = {isa = PBXFileReference; lastKnownFileType = file.storyboard; name = Base; path = Base.lproj/Main.storyboard; sourceTree = "<group>"; };
		6A0CB1472209E87A00AF55B4 /* Assets.xcassets */ = {isa = PBXFileReference; lastKnownFileType = folder.assetcatalog; path = Assets.xcassets; sourceTree = "<group>"; };
		6A0CB14A2209E87A00AF55B4 /* Base */ = {isa = PBXFileReference; lastKnownFileType = file.storyboard; name = Base; path = Base.lproj/LaunchScreen.storyboard; sourceTree = "<group>"; };
		6A0CB14C2209E87A00AF55B4 /* Info.plist */ = {isa = PBXFileReference; lastKnownFileType = text.plist.xml; path = Info.plist; sourceTree = "<group>"; };
		6AA802AF220B869700C937EF /* MapVC.swift */ = {isa = PBXFileReference; lastKnownFileType = sourcecode.swift; path = MapVC.swift; sourceTree = "<group>"; };
		6AA802B1220B86A200C937EF /* PhotoVC.swift */ = {isa = PBXFileReference; lastKnownFileType = sourcecode.swift; path = PhotoVC.swift; sourceTree = "<group>"; };
		6AA802B3220B86CA00C937EF /* PhotoCell.swift */ = {isa = PBXFileReference; lastKnownFileType = sourcecode.swift; path = PhotoCell.swift; sourceTree = "<group>"; };
		6AA802B9220B874100C937EF /* Flickr.swift */ = {isa = PBXFileReference; lastKnownFileType = sourcecode.swift; path = Flickr.swift; sourceTree = "<group>"; };
		6AA8030F220BA24900C937EF /* CoreDataModel.xcdatamodel */ = {isa = PBXFileReference; lastKnownFileType = wrapper.xcdatamodel; path = CoreDataModel.xcdatamodel; sourceTree = "<group>"; };
		6AA80311220BA2E700C937EF /* DataController.swift */ = {isa = PBXFileReference; lastKnownFileType = sourcecode.swift; path = DataController.swift; sourceTree = "<group>"; };
/* End PBXFileReference section */

/* Begin PBXFrameworksBuildPhase section */
		6A0CB1372209E87400AF55B4 /* Frameworks */ = {
			isa = PBXFrameworksBuildPhase;
			buildActionMask = 2147483647;
			files = (
			);
			runOnlyForDeploymentPostprocessing = 0;
		};
/* End PBXFrameworksBuildPhase section */

/* Begin PBXGroup section */
		6A0CB1312209E87400AF55B4 = {
			isa = PBXGroup;
			children = (
				6A0CB13C2209E87400AF55B4 /* virtualtourist */,
				6A0CB13B2209E87400AF55B4 /* Products */,
			);
			sourceTree = "<group>";
		};
		6A0CB13B2209E87400AF55B4 /* Products */ = {
			isa = PBXGroup;
			children = (
				6A0CB13A2209E87400AF55B4 /* virtualtourist.app */,
			);
			name = Products;
			sourceTree = "<group>";
		};
		6A0CB13C2209E87400AF55B4 /* virtualtourist */ = {
			isa = PBXGroup;
			children = (
				6A0CB172220B492400AF55B4 /* Model */,
				6A0CB171220B491D00AF55B4 /* View */,
				6A0CB16F220B48FF00AF55B4 /* Controller */,
				6A0CB13D2209E87400AF55B4 /* AppDelegate.swift */,
				6A0CB1412209E87400AF55B4 /* Main.storyboard */,
				6A0CB1472209E87A00AF55B4 /* Assets.xcassets */,
				6A0CB1492209E87A00AF55B4 /* LaunchScreen.storyboard */,
				6A0CB14C2209E87A00AF55B4 /* Info.plist */,
			);
			path = virtualtourist;
			sourceTree = "<group>";
		};
		6A0CB16F220B48FF00AF55B4 /* Controller */ = {
			isa = PBXGroup;
			children = (
				6AA802AF220B869700C937EF /* MapVC.swift */,
				6AA802B1220B86A200C937EF /* PhotoVC.swift */,
				6AA802B3220B86CA00C937EF /* PhotoCell.swift */,
			);
			name = Controller;
			sourceTree = "<group>";
		};
		6A0CB171220B491D00AF55B4 /* View */ = {
			isa = PBXGroup;
			children = (
			);
			path = View;
			sourceTree = "<group>";
		};
		6A0CB172220B492400AF55B4 /* Model */ = {
			isa = PBXGroup;
			children = (
				6AA802B8220B872B00C937EF /* Client */,
				6AA8030E220BA24900C937EF /* CoreDataModel.xcdatamodeld */,
				6AA80311220BA2E700C937EF /* DataController.swift */,
			);
			name = Model;
			sourceTree = "<group>";
		};
		6AA802B8220B872B00C937EF /* Client */ = {
			isa = PBXGroup;
			children = (
				6AA802B9220B874100C937EF /* Flickr.swift */,
			);
			path = Client;
			sourceTree = "<group>";
		};
/* End PBXGroup section */

/* Begin PBXNativeTarget section */
		6A0CB1392209E87400AF55B4 /* virtualtourist */ = {
			isa = PBXNativeTarget;
			buildConfigurationList = 6A0CB14F2209E87A00AF55B4 /* Build configuration list for PBXNativeTarget "virtualtourist" */;
			buildPhases = (
				6A0CB1362209E87400AF55B4 /* Sources */,
				6A0CB1372209E87400AF55B4 /* Frameworks */,
				6A0CB1382209E87400AF55B4 /* Resources */,
			);
			buildRules = (
			);
			dependencies = (
			);
			name = virtualtourist;
			productName = virtualtourist;
			productReference = 6A0CB13A2209E87400AF55B4 /* virtualtourist.app */;
			productType = "com.apple.product-type.application";
		};
/* End PBXNativeTarget section */

/* Begin PBXProject section */
		6A0CB1322209E87400AF55B4 /* Project object */ = {
			isa = PBXProject;
			attributes = {
				LastSwiftUpdateCheck = 1010;
				LastUpgradeCheck = 1010;
				ORGANIZATIONNAME = carloshpdoc;
				TargetAttributes = {
					6A0CB1392209E87400AF55B4 = {
						CreatedOnToolsVersion = 10.1;
					};
				};
			};
			buildConfigurationList = 6A0CB1352209E87400AF55B4 /* Build configuration list for PBXProject "virtualtourist" */;
			compatibilityVersion = "Xcode 9.3";
			developmentRegion = en;
			hasScannedForEncodings = 0;
			knownRegions = (
				en,
				Base,
			);
			mainGroup = 6A0CB1312209E87400AF55B4;
			productRefGroup = 6A0CB13B2209E87400AF55B4 /* Products */;
			projectDirPath = "";
			projectRoot = "";
			targets = (
				6A0CB1392209E87400AF55B4 /* virtualtourist */,
			);
		};
/* End PBXProject section */

/* Begin PBXResourcesBuildPhase section */
		6A0CB1382209E87400AF55B4 /* Resources */ = {
			isa = PBXResourcesBuildPhase;
			buildActionMask = 2147483647;
			files = (
				6A0CB14B2209E87A00AF55B4 /* LaunchScreen.storyboard in Resources */,
				6A0CB1482209E87A00AF55B4 /* Assets.xcassets in Resources */,
				6A0CB1432209E87400AF55B4 /* Main.storyboard in Resources */,
			);
			runOnlyForDeploymentPostprocessing = 0;
		};
/* End PBXResourcesBuildPhase section */

/* Begin PBXSourcesBuildPhase section */
		6A0CB1362209E87400AF55B4 /* Sources */ = {
			isa = PBXSourcesBuildPhase;
			buildActionMask = 2147483647;
			files = (
				6AA80312220BA2E700C937EF /* DataController.swift in Sources */,
				6AA802B4220B86CA00C937EF /* PhotoCell.swift in Sources */,
				6AA802B0220B869700C937EF /* MapVC.swift in Sources */,
				6AA80310220BA24900C937EF /* CoreDataModel.xcdatamodeld in Sources */,
				6AA802BA220B874100C937EF /* Flickr.swift in Sources */,
				6AA802B2220B86A200C937EF /* PhotoVC.swift in Sources */,
				6A0CB13E2209E87400AF55B4 /* AppDelegate.swift in Sources */,
			);
			runOnlyForDeploymentPostprocessing = 0;
		};
/* End PBXSourcesBuildPhase section */

/* Begin PBXVariantGroup section */
		6A0CB1412209E87400AF55B4 /* Main.storyboard */ = {
			isa = PBXVariantGroup;
			children = (
				6A0CB1422209E87400AF55B4 /* Base */,
			);
			name = Main.storyboard;
			sourceTree = "<group>";
		};
		6A0CB1492209E87A00AF55B4 /* LaunchScreen.storyboard */ = {
			isa = PBXVariantGroup;
			children = (
				6A0CB14A2209E87A00AF55B4 /* Base */,
			);
			name = LaunchScreen.storyboard;
			sourceTree = "<group>";
		};
/* End PBXVariantGroup section */

/* Begin XCBuildConfiguration section */
		6A0CB14D2209E87A00AF55B4 /* Debug */ = {
			isa = XCBuildConfiguration;
			buildSettings = {
				ALWAYS_SEARCH_USER_PATHS = NO;
				CLANG_ANALYZER_NONNULL = YES;
				CLANG_ANALYZER_NUMBER_OBJECT_CONVERSION = YES_AGGRESSIVE;
				CLANG_CXX_LANGUAGE_STANDARD = "gnu++14";
				CLANG_CXX_LIBRARY = "libc++";
				CLANG_ENABLE_MODULES = YES;
				CLANG_ENABLE_OBJC_ARC = YES;
				CLANG_ENABLE_OBJC_WEAK = YES;
				CLANG_WARN_BLOCK_CAPTURE_AUTORELEASING = YES;
				CLANG_WARN_BOOL_CONVERSION = YES;
				CLANG_WARN_COMMA = YES;
				CLANG_WARN_CONSTANT_CONVERSION = YES;
				CLANG_WARN_DEPRECATED_OBJC_IMPLEMENTATIONS = YES;
				CLANG_WARN_DIRECT_OBJC_ISA_USAGE = YES_ERROR;
				CLANG_WARN_DOCUMENTATION_COMMENTS = YES;
				CLANG_WARN_EMPTY_BODY = YES;
				CLANG_WARN_ENUM_CONVERSION = YES;
				CLANG_WARN_INFINITE_RECURSION = YES;
				CLANG_WARN_INT_CONVERSION = YES;
				CLANG_WARN_NON_LITERAL_NULL_CONVERSION = YES;
				CLANG_WARN_OBJC_IMPLICIT_RETAIN_SELF = YES;
				CLANG_WARN_OBJC_LITERAL_CONVERSION = YES;
				CLANG_WARN_OBJC_ROOT_CLASS = YES_ERROR;
				CLANG_WARN_RANGE_LOOP_ANALYSIS = YES;
				CLANG_WARN_STRICT_PROTOTYPES = YES;
				CLANG_WARN_SUSPICIOUS_MOVE = YES;
				CLANG_WARN_UNGUARDED_AVAILABILITY = YES_AGGRESSIVE;
				CLANG_WARN_UNREACHABLE_CODE = YES;
				CLANG_WARN__DUPLICATE_METHOD_MATCH = YES;
				CODE_SIGN_IDENTITY = "iPhone Developer";
				COPY_PHASE_STRIP = NO;
				DEBUG_INFORMATION_FORMAT = dwarf;
				ENABLE_STRICT_OBJC_MSGSEND = YES;
				ENABLE_TESTABILITY = YES;
				GCC_C_LANGUAGE_STANDARD = gnu11;
				GCC_DYNAMIC_NO_PIC = NO;
				GCC_NO_COMMON_BLOCKS = YES;
				GCC_OPTIMIZATION_LEVEL = 0;
				GCC_PREPROCESSOR_DEFINITIONS = (
					"DEBUG=1",
					"$(inherited)",
				);
				GCC_WARN_64_TO_32_BIT_CONVERSION = YES;
				GCC_WARN_ABOUT_RETURN_TYPE = YES_ERROR;
				GCC_WARN_UNDECLARED_SELECTOR = YES;
				GCC_WARN_UNINITIALIZED_AUTOS = YES_AGGRESSIVE;
				GCC_WARN_UNUSED_FUNCTION = YES;
				GCC_WARN_UNUSED_VARIABLE = YES;
				IPHONEOS_DEPLOYMENT_TARGET = 12.1;
				MTL_ENABLE_DEBUG_INFO = INCLUDE_SOURCE;
				MTL_FAST_MATH = YES;
				ONLY_ACTIVE_ARCH = YES;
				SDKROOT = iphoneos;
				SWIFT_ACTIVE_COMPILATION_CONDITIONS = DEBUG;
				SWIFT_OPTIMIZATION_LEVEL = "-Onone";
			};
			name = Debug;
		};
		6A0CB14E2209E87A00AF55B4 /* Release */ = {
			isa = XCBuildConfiguration;
			buildSettings = {
				ALWAYS_SEARCH_USER_PATHS = NO;
				CLANG_ANALYZER_NONNULL = YES;
				CLANG_ANALYZER_NUMBER_OBJECT_CONVERSION = YES_AGGRESSIVE;
				CLANG_CXX_LANGUAGE_STANDARD = "gnu++14";
				CLANG_CXX_LIBRARY = "libc++";
				CLANG_ENABLE_MODULES = YES;
				CLANG_ENABLE_OBJC_ARC = YES;
				CLANG_ENABLE_OBJC_WEAK = YES;
				CLANG_WARN_BLOCK_CAPTURE_AUTORELEASING = YES;
				CLANG_WARN_BOOL_CONVERSION = YES;
				CLANG_WARN_COMMA = YES;
				CLANG_WARN_CONSTANT_CONVERSION = YES;
				CLANG_WARN_DEPRECATED_OBJC_IMPLEMENTATIONS = YES;
				CLANG_WARN_DIRECT_OBJC_ISA_USAGE = YES_ERROR;
				CLANG_WARN_DOCUMENTATION_COMMENTS = YES;
				CLANG_WARN_EMPTY_BODY = YES;
				CLANG_WARN_ENUM_CONVERSION = YES;
				CLANG_WARN_INFINITE_RECURSION = YES;
				CLANG_WARN_INT_CONVERSION = YES;
				CLANG_WARN_NON_LITERAL_NULL_CONVERSION = YES;
				CLANG_WARN_OBJC_IMPLICIT_RETAIN_SELF = YES;
				CLANG_WARN_OBJC_LITERAL_CONVERSION = YES;
				CLANG_WARN_OBJC_ROOT_CLASS = YES_ERROR;
				CLANG_WARN_RANGE_LOOP_ANALYSIS = YES;
				CLANG_WARN_STRICT_PROTOTYPES = YES;
				CLANG_WARN_SUSPICIOUS_MOVE = YES;
				CLANG_WARN_UNGUARDED_AVAILABILITY = YES_AGGRESSIVE;
				CLANG_WARN_UNREACHABLE_CODE = YES;
				CLANG_WARN__DUPLICATE_METHOD_MATCH = YES;
				CODE_SIGN_IDENTITY = "iPhone Developer";
				COPY_PHASE_STRIP = NO;
				DEBUG_INFORMATION_FORMAT = "dwarf-with-dsym";
				ENABLE_NS_ASSERTIONS = NO;
				ENABLE_STRICT_OBJC_MSGSEND = YES;
				GCC_C_LANGUAGE_STANDARD = gnu11;
				GCC_NO_COMMON_BLOCKS = YES;
				GCC_WARN_64_TO_32_BIT_CONVERSION = YES;
				GCC_WARN_ABOUT_RETURN_TYPE = YES_ERROR;
				GCC_WARN_UNDECLARED_SELECTOR = YES;
				GCC_WARN_UNINITIALIZED_AUTOS = YES_AGGRESSIVE;
				GCC_WARN_UNUSED_FUNCTION = YES;
				GCC_WARN_UNUSED_VARIABLE = YES;
				IPHONEOS_DEPLOYMENT_TARGET = 12.1;
				MTL_ENABLE_DEBUG_INFO = NO;
				MTL_FAST_MATH = YES;
				SDKROOT = iphoneos;
				SWIFT_COMPILATION_MODE = wholemodule;
				SWIFT_OPTIMIZATION_LEVEL = "-O";
				VALIDATE_PRODUCT = YES;
			};
			name = Release;
		};
		6A0CB1502209E87A00AF55B4 /* Debug */ = {
			isa = XCBuildConfiguration;
			buildSettings = {
				ASSETCATALOG_COMPILER_APPICON_NAME = AppIcon;
				CODE_SIGN_STYLE = Automatic;
				DEVELOPMENT_TEAM = M93MZ3GFWB;
				INFOPLIST_FILE = virtualtourist/Info.plist;
				IPHONEOS_DEPLOYMENT_TARGET = 12.1;
				LD_RUNPATH_SEARCH_PATHS = (
					"$(inherited)",
					"@executable_path/Frameworks",
				);
				PRODUCT_BUNDLE_IDENTIFIER = carloshpdoc.virtualtourist;
				PRODUCT_NAME = "$(TARGET_NAME)";
				SWIFT_VERSION = 4.2;
				TARGETED_DEVICE_FAMILY = 1;
			};
			name = Debug;
		};
		6A0CB1512209E87A00AF55B4 /* Release */ = {
			isa = XCBuildConfiguration;
			buildSettings = {
				ASSETCATALOG_COMPILER_APPICON_NAME = AppIcon;
				CODE_SIGN_STYLE = Automatic;
				DEVELOPMENT_TEAM = M93MZ3GFWB;
				INFOPLIST_FILE = virtualtourist/Info.plist;
				IPHONEOS_DEPLOYMENT_TARGET = 12.1;
				LD_RUNPATH_SEARCH_PATHS = (
					"$(inherited)",
					"@executable_path/Frameworks",
				);
				PRODUCT_BUNDLE_IDENTIFIER = carloshpdoc.virtualtourist;
				PRODUCT_NAME = "$(TARGET_NAME)";
				SWIFT_VERSION = 4.2;
				TARGETED_DEVICE_FAMILY = 1;
			};
			name = Release;
		};
/* End XCBuildConfiguration section */

/* Begin XCConfigurationList section */
		6A0CB1352209E87400AF55B4 /* Build configuration list for PBXProject "virtualtourist" */ = {
			isa = XCConfigurationList;
			buildConfigurations = (
				6A0CB14D2209E87A00AF55B4 /* Debug */,
				6A0CB14E2209E87A00AF55B4 /* Release */,
			);
			defaultConfigurationIsVisible = 0;
			defaultConfigurationName = Release;
		};
		6A0CB14F2209E87A00AF55B4 /* Build configuration list for PBXNativeTarget "virtualtourist" */ = {
			isa = XCConfigurationList;
			buildConfigurations = (
				6A0CB1502209E87A00AF55B4 /* Debug */,
				6A0CB1512209E87A00AF55B4 /* Release */,
			);
			defaultConfigurationIsVisible = 0;
			defaultConfigurationName = Release;
		};
/* End XCConfigurationList section */

/* Begin XCVersionGroup section */
		6AA8030E220BA24900C937EF /* CoreDataModel.xcdatamodeld */ = {
			isa = XCVersionGroup;
			children = (
				6AA8030F220BA24900C937EF /* CoreDataModel.xcdatamodel */,
			);
			currentVersion = 6AA8030F220BA24900C937EF /* CoreDataModel.xcdatamodel */;
			path = CoreDataModel.xcdatamodeld;
			sourceTree = "<group>";
			versionGroupType = wrapper.xcdatamodel;
		};
/* End XCVersionGroup section */
	};
	rootObject = 6A0CB1322209E87400AF55B4 /* Project object */;
}
